
Microsoft Visual Studio Solution File, Format Version 12.00
# Visual Studio Version 16
VisualStudioVersion = 16.0.29020.237
MinimumVisualStudioVersion = 10.0.40219.1
Project("{FAE04EC0-301F-11D3-BF4B-00C04F79EFBC}") = "App4.Android", "App4\App4.Android\App4.Android.csproj", "{B337FC80-09DA-4BF5-B6F5-92C0523B4CD7}"
EndProject
Project("{FAE04EC0-301F-11D3-BF4B-00C04F79EFBC}") = "App4", "App4\App4\App4.csproj", "{846AE2E5-D39A-484B-8F6C-10E52F29975A}"
EndProject
Global
	GlobalSection(SolutionConfigurationPlatforms) = preSolution
		Debug|Any CPU = Debug|Any CPU
		Release|Any CPU = Release|Any CPU
	EndGlobalSection
	GlobalSection(ProjectConfigurationPlatforms) = postSolution
		{B337FC80-09DA-4BF5-B6F5-92C0523B4CD7}.Debug|Any CPU.ActiveCfg = Debug|Any CPU
		{B337FC80-09DA-4BF5-B6F5-92C0523B4CD7}.Debug|Any CPU.Build.0 = Debug|Any CPU
		{B337FC80-09DA-4BF5-B6F5-92C0523B4CD7}.Debug|Any CPU.Deploy.0 = Debug|Any CPU
		{B337FC80-09DA-4BF5-B6F5-92C0523B4CD7}.Release|Any CPU.ActiveCfg = Release|Any CPU
		{B337FC80-09DA-4BF5-B6F5-92C0523B4CD7}.Release|Any CPU.Build.0 = Release|Any CPU
		{B337FC80-09DA-4BF5-B6F5-92C0523B4CD7}.Release|Any CPU.Deploy.0 = Release|Any CPU
		{846AE2E5-D39A-484B-8F6C-10E52F29975A}.Debug|Any CPU.ActiveCfg = Debug|Any CPU
		{846AE2E5-D39A-484B-8F6C-10E52F29975A}.Debug|Any CPU.Build.0 = Debug|Any CPU
		{846AE2E5-D39A-484B-8F6C-10E52F29975A}.Debug|Any CPU.Deploy.0 = Debug|Any CPU
		{846AE2E5-D39A-484B-8F6C-10E52F29975A}.Release|Any CPU.ActiveCfg = Release|Any CPU
		{846AE2E5-D39A-484B-8F6C-10E52F29975A}.Release|Any CPU.Build.0 = Release|Any CPU
		{846AE2E5-D39A-484B-8F6C-10E52F29975A}.Release|Any CPU.Deploy.0 = Release|Any CPU
	EndGlobalSection
	GlobalSection(SolutionProperties) = preSolution
		HideSolutionNode = FALSE
	EndGlobalSection
	GlobalSection(ExtensibilityGlobals) = postSolution
		SolutionGuid = {272E106D-1E9C-4D4C-AC30-5154FDC16F91}
	EndGlobalSection
EndGlobal
