
Microsoft Visual Studio Solution File, Format Version 12.00
# Visual Studio Version 16
VisualStudioVersion = 16.0.29326.143
MinimumVisualStudioVersion = 10.0.40219.1
Project("{FAE04EC0-301F-11D3-BF4B-00C04F79EFBC}") = "AndroidDemo", "AndroidDemo.csproj", "{24D22905-6A35-4F19-9509-60CE31B580A1}"
EndProject
Global
	GlobalSection(SolutionConfigurationPlatforms) = preSolution
		Debug|Any CPU = Debug|Any CPU
		Release|Any CPU = Release|Any CPU
	EndGlobalSection
	GlobalSection(ProjectConfigurationPlatforms) = postSolution
		{24D22905-6A35-4F19-9509-60CE31B580A1}.Debug|Any CPU.ActiveCfg = Debug|Any CPU
		{24D22905-6A35-4F19-9509-60CE31B580A1}.Debug|Any CPU.Build.0 = Debug|Any CPU
		{24D22905-6A35-4F19-9509-60CE31B580A1}.Debug|Any CPU.Deploy.0 = Debug|Any CPU
		{24D22905-6A35-4F19-9509-60CE31B580A1}.Release|Any CPU.ActiveCfg = Release|Any CPU
		{24D22905-6A35-4F19-9509-60CE31B580A1}.Release|Any CPU.Build.0 = Release|Any CPU
		{24D22905-6A35-4F19-9509-60CE31B580A1}.Release|Any CPU.Deploy.0 = Release|Any CPU
	EndGlobalSection
	GlobalSection(SolutionProperties) = preSolution
		HideSolutionNode = FALSE
	EndGlobalSection
	GlobalSection(ExtensibilityGlobals) = postSolution
		SolutionGuid = {49AF3617-C738-45F7-AD16-39722D3BAE8D}
	EndGlobalSection
EndGlobal
