
Microsoft Visual Studio Solution File, Format Version 12.00
# Visual Studio Version 16
VisualStudioVersion = 16.0.29326.143
MinimumVisualStudioVersion = 10.0.40219.1
Project("{FAE04EC0-301F-11D3-BF4B-00C04F79EFBC}") = "MyCustomControl.UWP", "MyCustomControl.UWP\MyCustomControl.UWP.csproj", "{939989BF-F1DF-4596-B19A-D66675E5A13A}"
EndProject
Project("{FAE04EC0-301F-11D3-BF4B-00C04F79EFBC}") = "MyCustomControl.Android", "MyCustomControl.Android\MyCustomControl.Android.csproj", "{FFFC415A-FA54-4AFC-83AB-D84FFF627740}"
EndProject
Project("{FAE04EC0-301F-11D3-BF4B-00C04F79EFBC}") = "MyCustomControl.iOS", "MyCustomControl.iOS\MyCustomControl.iOS.csproj", "{9448807C-B97D-44C9-8423-A0C7A5D9C5B5}"
EndProject
Project("{FAE04EC0-301F-11D3-BF4B-00C04F79EFBC}") = "MyCustomControl", "MyCustomControl\MyCustomControl.csproj", "{FC28A1C9-994F-4E48-8BBD-8C40913BA62F}"
EndProject
Global
	GlobalSection(SolutionConfigurationPlatforms) = preSolution
		Debug|Any CPU = Debug|Any CPU
		Debug|ARM = Debug|ARM
		Debug|iPhone = Debug|iPhone
		Debug|iPhoneSimulator = Debug|iPhoneSimulator
		Debug|x64 = Debug|x64
		Debug|x86 = Debug|x86
		Release|Any CPU = Release|Any CPU
		Release|ARM = Release|ARM
		Release|iPhone = Release|iPhone
		Release|iPhoneSimulator = Release|iPhoneSimulator
		Release|x64 = Release|x64
		Release|x86 = Release|x86
	EndGlobalSection
	GlobalSection(ProjectConfigurationPlatforms) = postSolution
		{939989BF-F1DF-4596-B19A-D66675E5A13A}.Debug|Any CPU.ActiveCfg = Debug|x86
		{939989BF-F1DF-4596-B19A-D66675E5A13A}.Debug|Any CPU.Build.0 = Debug|x86
		{939989BF-F1DF-4596-B19A-D66675E5A13A}.Debug|Any CPU.Deploy.0 = Debug|x86
		{939989BF-F1DF-4596-B19A-D66675E5A13A}.Debug|ARM.ActiveCfg = Debug|ARM
		{939989BF-F1DF-4596-B19A-D66675E5A13A}.Debug|ARM.Build.0 = Debug|ARM
		{939989BF-F1DF-4596-B19A-D66675E5A13A}.Debug|ARM.Deploy.0 = Debug|ARM
		{939989BF-F1DF-4596-B19A-D66675E5A13A}.Debug|iPhone.ActiveCfg = Debug|x86
		{939989BF-F1DF-4596-B19A-D66675E5A13A}.Debug|iPhone.Build.0 = Debug|x86
		{939989BF-F1DF-4596-B19A-D66675E5A13A}.Debug|iPhone.Deploy.0 = Debug|x86
		{939989BF-F1DF-4596-B19A-D66675E5A13A}.Debug|iPhoneSimulator.ActiveCfg = Debug|x86
		{939989BF-F1DF-4596-B19A-D66675E5A13A}.Debug|iPhoneSimulator.Build.0 = Debug|x86
		{939989BF-F1DF-4596-B19A-D66675E5A13A}.Debug|iPhoneSimulator.Deploy.0 = Debug|x86
		{939989BF-F1DF-4596-B19A-D66675E5A13A}.Debug|x64.ActiveCfg = Debug|x64
		{939989BF-F1DF-4596-B19A-D66675E5A13A}.Debug|x64.Build.0 = Debug|x64
		{939989BF-F1DF-4596-B19A-D66675E5A13A}.Debug|x64.Deploy.0 = Debug|x64
		{939989BF-F1DF-4596-B19A-D66675E5A13A}.Debug|x86.ActiveCfg = Debug|x86
		{939989BF-F1DF-4596-B19A-D66675E5A13A}.Debug|x86.Build.0 = Debug|x86
		{939989BF-F1DF-4596-B19A-D66675E5A13A}.Debug|x86.Deploy.0 = Debug|x86
		{939989BF-F1DF-4596-B19A-D66675E5A13A}.Release|Any CPU.ActiveCfg = Release|x86
		{939989BF-F1DF-4596-B19A-D66675E5A13A}.Release|Any CPU.Build.0 = Release|x86
		{939989BF-F1DF-4596-B19A-D66675E5A13A}.Release|Any CPU.Deploy.0 = Release|x86
		{939989BF-F1DF-4596-B19A-D66675E5A13A}.Release|ARM.ActiveCfg = Release|ARM
		{939989BF-F1DF-4596-B19A-D66675E5A13A}.Release|ARM.Build.0 = Release|ARM
		{939989BF-F1DF-4596-B19A-D66675E5A13A}.Release|ARM.Deploy.0 = Release|ARM
		{939989BF-F1DF-4596-B19A-D66675E5A13A}.Release|iPhone.ActiveCfg = Release|x86
		{939989BF-F1DF-4596-B19A-D66675E5A13A}.Release|iPhone.Build.0 = Release|x86
		{939989BF-F1DF-4596-B19A-D66675E5A13A}.Release|iPhone.Deploy.0 = Release|x86
		{939989BF-F1DF-4596-B19A-D66675E5A13A}.Release|iPhoneSimulator.ActiveCfg = Release|x86
		{939989BF-F1DF-4596-B19A-D66675E5A13A}.Release|iPhoneSimulator.Build.0 = Release|x86
		{939989BF-F1DF-4596-B19A-D66675E5A13A}.Release|iPhoneSimulator.Deploy.0 = Release|x86
		{939989BF-F1DF-4596-B19A-D66675E5A13A}.Release|x64.ActiveCfg = Release|x64
		{939989BF-F1DF-4596-B19A-D66675E5A13A}.Release|x64.Build.0 = Release|x64
		{939989BF-F1DF-4596-B19A-D66675E5A13A}.Release|x64.Deploy.0 = Release|x64
		{939989BF-F1DF-4596-B19A-D66675E5A13A}.Release|x86.ActiveCfg = Release|x86
		{939989BF-F1DF-4596-B19A-D66675E5A13A}.Release|x86.Build.0 = Release|x86
		{939989BF-F1DF-4596-B19A-D66675E5A13A}.Release|x86.Deploy.0 = Release|x86
		{FFFC415A-FA54-4AFC-83AB-D84FFF627740}.Debug|Any CPU.ActiveCfg = Debug|Any CPU
		{FFFC415A-FA54-4AFC-83AB-D84FFF627740}.Debug|Any CPU.Build.0 = Debug|Any CPU
		{FFFC415A-FA54-4AFC-83AB-D84FFF627740}.Debug|Any CPU.Deploy.0 = Debug|Any CPU
		{FFFC415A-FA54-4AFC-83AB-D84FFF627740}.Debug|ARM.ActiveCfg = Debug|Any CPU
		{FFFC415A-FA54-4AFC-83AB-D84FFF627740}.Debug|ARM.Build.0 = Debug|Any CPU
		{FFFC415A-FA54-4AFC-83AB-D84FFF627740}.Debug|ARM.Deploy.0 = Debug|Any CPU
		{FFFC415A-FA54-4AFC-83AB-D84FFF627740}.Debug|iPhone.ActiveCfg = Debug|Any CPU
		{FFFC415A-FA54-4AFC-83AB-D84FFF627740}.Debug|iPhone.Build.0 = Debug|Any CPU
		{FFFC415A-FA54-4AFC-83AB-D84FFF627740}.Debug|iPhone.Deploy.0 = Debug|Any CPU
		{FFFC415A-FA54-4AFC-83AB-D84FFF627740}.Debug|iPhoneSimulator.ActiveCfg = Debug|Any CPU
		{FFFC415A-FA54-4AFC-83AB-D84FFF627740}.Debug|iPhoneSimulator.Build.0 = Debug|Any CPU
		{FFFC415A-FA54-4AFC-83AB-D84FFF627740}.Debug|iPhoneSimulator.Deploy.0 = Debug|Any CPU
		{FFFC415A-FA54-4AFC-83AB-D84FFF627740}.Debug|x64.ActiveCfg = Debug|Any CPU
		{FFFC415A-FA54-4AFC-83AB-D84FFF627740}.Debug|x64.Build.0 = Debug|Any CPU
		{FFFC415A-FA54-4AFC-83AB-D84FFF627740}.Debug|x64.Deploy.0 = Debug|Any CPU
		{FFFC415A-FA54-4AFC-83AB-D84FFF627740}.Debug|x86.ActiveCfg = Debug|Any CPU
		{FFFC415A-FA54-4AFC-83AB-D84FFF627740}.Debug|x86.Build.0 = Debug|Any CPU
		{FFFC415A-FA54-4AFC-83AB-D84FFF627740}.Debug|x86.Deploy.0 = Debug|Any CPU
		{FFFC415A-FA54-4AFC-83AB-D84FFF627740}.Release|Any CPU.ActiveCfg = Release|Any CPU
		{FFFC415A-FA54-4AFC-83AB-D84FFF627740}.Release|Any CPU.Build.0 = Release|Any CPU
		{FFFC415A-FA54-4AFC-83AB-D84FFF627740}.Release|Any CPU.Deploy.0 = Release|Any CPU
		{FFFC415A-FA54-4AFC-83AB-D84FFF627740}.Release|ARM.ActiveCfg = Release|Any CPU
		{FFFC415A-FA54-4AFC-83AB-D84FFF627740}.Release|ARM.Build.0 = Release|Any CPU
		{FFFC415A-FA54-4AFC-83AB-D84FFF627740}.Release|ARM.Deploy.0 = Release|Any CPU
		{FFFC415A-FA54-4AFC-83AB-D84FFF627740}.Release|iPhone.ActiveCfg = Release|Any CPU
		{FFFC415A-FA54-4AFC-83AB-D84FFF627740}.Release|iPhone.Build.0 = Release|Any CPU
		{FFFC415A-FA54-4AFC-83AB-D84FFF627740}.Release|iPhone.Deploy.0 = Release|Any CPU
		{FFFC415A-FA54-4AFC-83AB-D84FFF627740}.Release|iPhoneSimulator.ActiveCfg = Release|Any CPU
		{FFFC415A-FA54-4AFC-83AB-D84FFF627740}.Release|iPhoneSimulator.Build.0 = Release|Any CPU
		{FFFC415A-FA54-4AFC-83AB-D84FFF627740}.Release|iPhoneSimulator.Deploy.0 = Release|Any CPU
		{FFFC415A-FA54-4AFC-83AB-D84FFF627740}.Release|x64.ActiveCfg = Release|Any CPU
		{FFFC415A-FA54-4AFC-83AB-D84FFF627740}.Release|x64.Build.0 = Release|Any CPU
		{FFFC415A-FA54-4AFC-83AB-D84FFF627740}.Release|x64.Deploy.0 = Release|Any CPU
		{FFFC415A-FA54-4AFC-83AB-D84FFF627740}.Release|x86.ActiveCfg = Release|Any CPU
		{FFFC415A-FA54-4AFC-83AB-D84FFF627740}.Release|x86.Build.0 = Release|Any CPU
		{FFFC415A-FA54-4AFC-83AB-D84FFF627740}.Release|x86.Deploy.0 = Release|Any CPU
		{9448807C-B97D-44C9-8423-A0C7A5D9C5B5}.Debug|Any CPU.ActiveCfg = Debug|iPhone
		{9448807C-B97D-44C9-8423-A0C7A5D9C5B5}.Debug|Any CPU.Build.0 = Debug|iPhone
		{9448807C-B97D-44C9-8423-A0C7A5D9C5B5}.Debug|Any CPU.Deploy.0 = Debug|iPhone
		{9448807C-B97D-44C9-8423-A0C7A5D9C5B5}.Debug|ARM.ActiveCfg = Debug|iPhoneSimulator
		{9448807C-B97D-44C9-8423-A0C7A5D9C5B5}.Debug|ARM.Build.0 = Debug|iPhoneSimulator
		{9448807C-B97D-44C9-8423-A0C7A5D9C5B5}.Debug|ARM.Deploy.0 = Debug|iPhoneSimulator
		{9448807C-B97D-44C9-8423-A0C7A5D9C5B5}.Debug|iPhone.ActiveCfg = Debug|iPhone
		{9448807C-B97D-44C9-8423-A0C7A5D9C5B5}.Debug|iPhone.Build.0 = Debug|iPhone
		{9448807C-B97D-44C9-8423-A0C7A5D9C5B5}.Debug|iPhone.Deploy.0 = Debug|iPhone
		{9448807C-B97D-44C9-8423-A0C7A5D9C5B5}.Debug|iPhoneSimulator.ActiveCfg = Debug|iPhoneSimulator
		{9448807C-B97D-44C9-8423-A0C7A5D9C5B5}.Debug|iPhoneSimulator.Build.0 = Debug|iPhoneSimulator
		{9448807C-B97D-44C9-8423-A0C7A5D9C5B5}.Debug|iPhoneSimulator.Deploy.0 = Debug|iPhoneSimulator
		{9448807C-B97D-44C9-8423-A0C7A5D9C5B5}.Debug|x64.ActiveCfg = Debug|iPhone
		{9448807C-B97D-44C9-8423-A0C7A5D9C5B5}.Debug|x64.Build.0 = Debug|iPhone
		{9448807C-B97D-44C9-8423-A0C7A5D9C5B5}.Debug|x64.Deploy.0 = Debug|iPhone
		{9448807C-B97D-44C9-8423-A0C7A5D9C5B5}.Debug|x86.ActiveCfg = Debug|iPhone
		{9448807C-B97D-44C9-8423-A0C7A5D9C5B5}.Debug|x86.Build.0 = Debug|iPhone
		{9448807C-B97D-44C9-8423-A0C7A5D9C5B5}.Debug|x86.Deploy.0 = Debug|iPhone
		{9448807C-B97D-44C9-8423-A0C7A5D9C5B5}.Release|Any CPU.ActiveCfg = Release|iPhone
		{9448807C-B97D-44C9-8423-A0C7A5D9C5B5}.Release|Any CPU.Build.0 = Release|iPhone
		{9448807C-B97D-44C9-8423-A0C7A5D9C5B5}.Release|Any CPU.Deploy.0 = Release|iPhone
		{9448807C-B97D-44C9-8423-A0C7A5D9C5B5}.Release|ARM.ActiveCfg = Release|iPhone
		{9448807C-B97D-44C9-8423-A0C7A5D9C5B5}.Release|ARM.Build.0 = Release|iPhone
		{9448807C-B97D-44C9-8423-A0C7A5D9C5B5}.Release|ARM.Deploy.0 = Release|iPhone
		{9448807C-B97D-44C9-8423-A0C7A5D9C5B5}.Release|iPhone.ActiveCfg = Release|iPhone
		{9448807C-B97D-44C9-8423-A0C7A5D9C5B5}.Release|iPhone.Build.0 = Release|iPhone
		{9448807C-B97D-44C9-8423-A0C7A5D9C5B5}.Release|iPhone.Deploy.0 = Release|iPhone
		{9448807C-B97D-44C9-8423-A0C7A5D9C5B5}.Release|iPhoneSimulator.ActiveCfg = Release|iPhoneSimulator
		{9448807C-B97D-44C9-8423-A0C7A5D9C5B5}.Release|iPhoneSimulator.Build.0 = Release|iPhoneSimulator
		{9448807C-B97D-44C9-8423-A0C7A5D9C5B5}.Release|iPhoneSimulator.Deploy.0 = Release|iPhoneSimulator
		{9448807C-B97D-44C9-8423-A0C7A5D9C5B5}.Release|x64.ActiveCfg = Release|iPhone
		{9448807C-B97D-44C9-8423-A0C7A5D9C5B5}.Release|x64.Build.0 = Release|iPhone
		{9448807C-B97D-44C9-8423-A0C7A5D9C5B5}.Release|x64.Deploy.0 = Release|iPhone
		{9448807C-B97D-44C9-8423-A0C7A5D9C5B5}.Release|x86.ActiveCfg = Release|iPhone
		{9448807C-B97D-44C9-8423-A0C7A5D9C5B5}.Release|x86.Build.0 = Release|iPhone
		{9448807C-B97D-44C9-8423-A0C7A5D9C5B5}.Release|x86.Deploy.0 = Release|iPhone
		{FC28A1C9-994F-4E48-8BBD-8C40913BA62F}.Debug|Any CPU.ActiveCfg = Debug|Any CPU
		{FC28A1C9-994F-4E48-8BBD-8C40913BA62F}.Debug|Any CPU.Build.0 = Debug|Any CPU
		{FC28A1C9-994F-4E48-8BBD-8C40913BA62F}.Debug|Any CPU.Deploy.0 = Debug|Any CPU
		{FC28A1C9-994F-4E48-8BBD-8C40913BA62F}.Debug|ARM.ActiveCfg = Debug|Any CPU
		{FC28A1C9-994F-4E48-8BBD-8C40913BA62F}.Debug|ARM.Build.0 = Debug|Any CPU
		{FC28A1C9-994F-4E48-8BBD-8C40913BA62F}.Debug|ARM.Deploy.0 = Debug|Any CPU
		{FC28A1C9-994F-4E48-8BBD-8C40913BA62F}.Debug|iPhone.ActiveCfg = Debug|Any CPU
		{FC28A1C9-994F-4E48-8BBD-8C40913BA62F}.Debug|iPhone.Build.0 = Debug|Any CPU
		{FC28A1C9-994F-4E48-8BBD-8C40913BA62F}.Debug|iPhone.Deploy.0 = Debug|Any CPU
		{FC28A1C9-994F-4E48-8BBD-8C40913BA62F}.Debug|iPhoneSimulator.ActiveCfg = Debug|Any CPU
		{FC28A1C9-994F-4E48-8BBD-8C40913BA62F}.Debug|iPhoneSimulator.Build.0 = Debug|Any CPU
		{FC28A1C9-994F-4E48-8BBD-8C40913BA62F}.Debug|iPhoneSimulator.Deploy.0 = Debug|Any CPU
		{FC28A1C9-994F-4E48-8BBD-8C40913BA62F}.Debug|x64.ActiveCfg = Debug|Any CPU
		{FC28A1C9-994F-4E48-8BBD-8C40913BA62F}.Debug|x64.Build.0 = Debug|Any CPU
		{FC28A1C9-994F-4E48-8BBD-8C40913BA62F}.Debug|x64.Deploy.0 = Debug|Any CPU
		{FC28A1C9-994F-4E48-8BBD-8C40913BA62F}.Debug|x86.ActiveCfg = Debug|Any CPU
		{FC28A1C9-994F-4E48-8BBD-8C40913BA62F}.Debug|x86.Build.0 = Debug|Any CPU
		{FC28A1C9-994F-4E48-8BBD-8C40913BA62F}.Debug|x86.Deploy.0 = Debug|Any CPU
		{FC28A1C9-994F-4E48-8BBD-8C40913BA62F}.Release|Any CPU.ActiveCfg = Release|Any CPU
		{FC28A1C9-994F-4E48-8BBD-8C40913BA62F}.Release|Any CPU.Build.0 = Release|Any CPU
		{FC28A1C9-994F-4E48-8BBD-8C40913BA62F}.Release|Any CPU.Deploy.0 = Release|Any CPU
		{FC28A1C9-994F-4E48-8BBD-8C40913BA62F}.Release|ARM.ActiveCfg = Release|Any CPU
		{FC28A1C9-994F-4E48-8BBD-8C40913BA62F}.Release|ARM.Build.0 = Release|Any CPU
		{FC28A1C9-994F-4E48-8BBD-8C40913BA62F}.Release|ARM.Deploy.0 = Release|Any CPU
		{FC28A1C9-994F-4E48-8BBD-8C40913BA62F}.Release|iPhone.ActiveCfg = Release|Any CPU
		{FC28A1C9-994F-4E48-8BBD-8C40913BA62F}.Release|iPhone.Build.0 = Release|Any CPU
		{FC28A1C9-994F-4E48-8BBD-8C40913BA62F}.Release|iPhone.Deploy.0 = Release|Any CPU
		{FC28A1C9-994F-4E48-8BBD-8C40913BA62F}.Release|iPhoneSimulator.ActiveCfg = Release|Any CPU
		{FC28A1C9-994F-4E48-8BBD-8C40913BA62F}.Release|iPhoneSimulator.Build.0 = Release|Any CPU
		{FC28A1C9-994F-4E48-8BBD-8C40913BA62F}.Release|iPhoneSimulator.Deploy.0 = Release|Any CPU
		{FC28A1C9-994F-4E48-8BBD-8C40913BA62F}.Release|x64.ActiveCfg = Release|Any CPU
		{FC28A1C9-994F-4E48-8BBD-8C40913BA62F}.Release|x64.Build.0 = Release|Any CPU
		{FC28A1C9-994F-4E48-8BBD-8C40913BA62F}.Release|x64.Deploy.0 = Release|Any CPU
		{FC28A1C9-994F-4E48-8BBD-8C40913BA62F}.Release|x86.ActiveCfg = Release|Any CPU
		{FC28A1C9-994F-4E48-8BBD-8C40913BA62F}.Release|x86.Build.0 = Release|Any CPU
		{FC28A1C9-994F-4E48-8BBD-8C40913BA62F}.Release|x86.Deploy.0 = Release|Any CPU
	EndGlobalSection
	GlobalSection(SolutionProperties) = preSolution
		HideSolutionNode = FALSE
	EndGlobalSection
	GlobalSection(ExtensibilityGlobals) = postSolution
		SolutionGuid = {2C291FA1-DD5A-43FC-987F-505A53A8F2DC}
	EndGlobalSection
EndGlobal
