
Microsoft Visual Studio Solution File, Format Version 12.00
# Visual Studio Version 16
VisualStudioVersion = 16.0.29709.97
MinimumVisualStudioVersion = 10.0.40219.1
Project("{FAE04EC0-301F-11D3-BF4B-00C04F79EFBC}") = "SplashScreen.Android", "SplashScreen\SplashScreen.Android\SplashScreen.Android.csproj", "{D9A69BC9-1CCF-4232-9F32-2AF3CDBC0130}"
EndProject
Project("{FAE04EC0-301F-11D3-BF4B-00C04F79EFBC}") = "SplashScreen.iOS", "SplashScreen\SplashScreen.iOS\SplashScreen.iOS.csproj", "{B398F6C9-CB7B-4217-8993-5E2FB027AE68}"
EndProject
Project("{FAE04EC0-301F-11D3-BF4B-00C04F79EFBC}") = "SplashScreen", "SplashScreen\SplashScreen\SplashScreen.csproj", "{03E70F3B-3765-4E35-837C-481A4A68196A}"
EndProject
Global
	GlobalSection(SolutionConfigurationPlatforms) = preSolution
		Debug|Any CPU = Debug|Any CPU
		Debug|iPhone = Debug|iPhone
		Debug|iPhoneSimulator = Debug|iPhoneSimulator
		Release|Any CPU = Release|Any CPU
		Release|iPhone = Release|iPhone
		Release|iPhoneSimulator = Release|iPhoneSimulator
	EndGlobalSection
	GlobalSection(ProjectConfigurationPlatforms) = postSolution
		{D9A69BC9-1CCF-4232-9F32-2AF3CDBC0130}.Debug|Any CPU.ActiveCfg = Debug|Any CPU
		{D9A69BC9-1CCF-4232-9F32-2AF3CDBC0130}.Debug|Any CPU.Build.0 = Debug|Any CPU
		{D9A69BC9-1CCF-4232-9F32-2AF3CDBC0130}.Debug|Any CPU.Deploy.0 = Debug|Any CPU
		{D9A69BC9-1CCF-4232-9F32-2AF3CDBC0130}.Debug|iPhone.ActiveCfg = Debug|Any CPU
		{D9A69BC9-1CCF-4232-9F32-2AF3CDBC0130}.Debug|iPhone.Build.0 = Debug|Any CPU
		{D9A69BC9-1CCF-4232-9F32-2AF3CDBC0130}.Debug|iPhone.Deploy.0 = Debug|Any CPU
		{D9A69BC9-1CCF-4232-9F32-2AF3CDBC0130}.Debug|iPhoneSimulator.ActiveCfg = Debug|Any CPU
		{D9A69BC9-1CCF-4232-9F32-2AF3CDBC0130}.Debug|iPhoneSimulator.Build.0 = Debug|Any CPU
		{D9A69BC9-1CCF-4232-9F32-2AF3CDBC0130}.Debug|iPhoneSimulator.Deploy.0 = Debug|Any CPU
		{D9A69BC9-1CCF-4232-9F32-2AF3CDBC0130}.Release|Any CPU.ActiveCfg = Release|Any CPU
		{D9A69BC9-1CCF-4232-9F32-2AF3CDBC0130}.Release|Any CPU.Build.0 = Release|Any CPU
		{D9A69BC9-1CCF-4232-9F32-2AF3CDBC0130}.Release|Any CPU.Deploy.0 = Release|Any CPU
		{D9A69BC9-1CCF-4232-9F32-2AF3CDBC0130}.Release|iPhone.ActiveCfg = Release|Any CPU
		{D9A69BC9-1CCF-4232-9F32-2AF3CDBC0130}.Release|iPhone.Build.0 = Release|Any CPU
		{D9A69BC9-1CCF-4232-9F32-2AF3CDBC0130}.Release|iPhone.Deploy.0 = Release|Any CPU
		{D9A69BC9-1CCF-4232-9F32-2AF3CDBC0130}.Release|iPhoneSimulator.ActiveCfg = Release|Any CPU
		{D9A69BC9-1CCF-4232-9F32-2AF3CDBC0130}.Release|iPhoneSimulator.Build.0 = Release|Any CPU
		{D9A69BC9-1CCF-4232-9F32-2AF3CDBC0130}.Release|iPhoneSimulator.Deploy.0 = Release|Any CPU
		{B398F6C9-CB7B-4217-8993-5E2FB027AE68}.Debug|Any CPU.ActiveCfg = Debug|iPhoneSimulator
		{B398F6C9-CB7B-4217-8993-5E2FB027AE68}.Debug|Any CPU.Build.0 = Debug|iPhoneSimulator
		{B398F6C9-CB7B-4217-8993-5E2FB027AE68}.Debug|Any CPU.Deploy.0 = Debug|iPhoneSimulator
		{B398F6C9-CB7B-4217-8993-5E2FB027AE68}.Debug|iPhone.ActiveCfg = Debug|iPhone
		{B398F6C9-CB7B-4217-8993-5E2FB027AE68}.Debug|iPhone.Build.0 = Debug|iPhone
		{B398F6C9-CB7B-4217-8993-5E2FB027AE68}.Debug|iPhone.Deploy.0 = Debug|iPhone
		{B398F6C9-CB7B-4217-8993-5E2FB027AE68}.Debug|iPhoneSimulator.ActiveCfg = Debug|iPhoneSimulator
		{B398F6C9-CB7B-4217-8993-5E2FB027AE68}.Debug|iPhoneSimulator.Build.0 = Debug|iPhoneSimulator
		{B398F6C9-CB7B-4217-8993-5E2FB027AE68}.Debug|iPhoneSimulator.Deploy.0 = Debug|iPhoneSimulator
		{B398F6C9-CB7B-4217-8993-5E2FB027AE68}.Release|Any CPU.ActiveCfg = Release|iPhone
		{B398F6C9-CB7B-4217-8993-5E2FB027AE68}.Release|Any CPU.Build.0 = Release|iPhone
		{B398F6C9-CB7B-4217-8993-5E2FB027AE68}.Release|Any CPU.Deploy.0 = Release|iPhone
		{B398F6C9-CB7B-4217-8993-5E2FB027AE68}.Release|iPhone.ActiveCfg = Release|iPhone
		{B398F6C9-CB7B-4217-8993-5E2FB027AE68}.Release|iPhone.Build.0 = Release|iPhone
		{B398F6C9-CB7B-4217-8993-5E2FB027AE68}.Release|iPhone.Deploy.0 = Release|iPhone
		{B398F6C9-CB7B-4217-8993-5E2FB027AE68}.Release|iPhoneSimulator.ActiveCfg = Release|iPhoneSimulator
		{B398F6C9-CB7B-4217-8993-5E2FB027AE68}.Release|iPhoneSimulator.Build.0 = Release|iPhoneSimulator
		{B398F6C9-CB7B-4217-8993-5E2FB027AE68}.Release|iPhoneSimulator.Deploy.0 = Release|iPhoneSimulator
		{03E70F3B-3765-4E35-837C-481A4A68196A}.Debug|Any CPU.ActiveCfg = Debug|Any CPU
		{03E70F3B-3765-4E35-837C-481A4A68196A}.Debug|Any CPU.Build.0 = Debug|Any CPU
		{03E70F3B-3765-4E35-837C-481A4A68196A}.Debug|Any CPU.Deploy.0 = Debug|Any CPU
		{03E70F3B-3765-4E35-837C-481A4A68196A}.Debug|iPhone.ActiveCfg = Debug|Any CPU
		{03E70F3B-3765-4E35-837C-481A4A68196A}.Debug|iPhone.Build.0 = Debug|Any CPU
		{03E70F3B-3765-4E35-837C-481A4A68196A}.Debug|iPhone.Deploy.0 = Debug|Any CPU
		{03E70F3B-3765-4E35-837C-481A4A68196A}.Debug|iPhoneSimulator.ActiveCfg = Debug|Any CPU
		{03E70F3B-3765-4E35-837C-481A4A68196A}.Debug|iPhoneSimulator.Build.0 = Debug|Any CPU
		{03E70F3B-3765-4E35-837C-481A4A68196A}.Debug|iPhoneSimulator.Deploy.0 = Debug|Any CPU
		{03E70F3B-3765-4E35-837C-481A4A68196A}.Release|Any CPU.ActiveCfg = Release|Any CPU
		{03E70F3B-3765-4E35-837C-481A4A68196A}.Release|Any CPU.Build.0 = Release|Any CPU
		{03E70F3B-3765-4E35-837C-481A4A68196A}.Release|Any CPU.Deploy.0 = Release|Any CPU
		{03E70F3B-3765-4E35-837C-481A4A68196A}.Release|iPhone.ActiveCfg = Release|Any CPU
		{03E70F3B-3765-4E35-837C-481A4A68196A}.Release|iPhone.Build.0 = Release|Any CPU
		{03E70F3B-3765-4E35-837C-481A4A68196A}.Release|iPhone.Deploy.0 = Release|Any CPU
		{03E70F3B-3765-4E35-837C-481A4A68196A}.Release|iPhoneSimulator.ActiveCfg = Release|Any CPU
		{03E70F3B-3765-4E35-837C-481A4A68196A}.Release|iPhoneSimulator.Build.0 = Release|Any CPU
		{03E70F3B-3765-4E35-837C-481A4A68196A}.Release|iPhoneSimulator.Deploy.0 = Release|Any CPU
	EndGlobalSection
	GlobalSection(SolutionProperties) = preSolution
		HideSolutionNode = FALSE
	EndGlobalSection
	GlobalSection(ExtensibilityGlobals) = postSolution
		SolutionGuid = {34507AB9-DA7C-4895-90DB-C6C2FE12B827}
	EndGlobalSection
EndGlobal
