
Microsoft Visual Studio Solution File, Format Version 12.00
# Visual Studio Version 16
VisualStudioVersion = 16.0.29326.143
MinimumVisualStudioVersion = 10.0.40219.1
Project("{FAE04EC0-301F-11D3-BF4B-00C04F79EFBC}") = "ListViewDashedLinesDemo.Android", "ListViewDashedLinesDemo.Android\ListViewDashedLinesDemo.Android.csproj", "{E436B3DA-5E54-466C-9762-9ECD92990D67}"
EndProject
Project("{FAE04EC0-301F-11D3-BF4B-00C04F79EFBC}") = "ListViewDashedLinesDemo.iOS", "ListViewDashedLinesDemo.iOS\ListViewDashedLinesDemo.iOS.csproj", "{E22A2CC3-AD77-47D3-9105-62201FCE421F}"
EndProject
Project("{FAE04EC0-301F-11D3-BF4B-00C04F79EFBC}") = "ListViewDashedLinesDemo", "ListViewDashedLinesDemo\ListViewDashedLinesDemo.csproj", "{9AE23601-44FF-4E05-BCBD-432A7E97B750}"
EndProject
Global
	GlobalSection(SolutionConfigurationPlatforms) = preSolution
		Debug|Any CPU = Debug|Any CPU
		Debug|iPhone = Debug|iPhone
		Debug|iPhoneSimulator = Debug|iPhoneSimulator
		Release|Any CPU = Release|Any CPU
		Release|iPhone = Release|iPhone
		Release|iPhoneSimulator = Release|iPhoneSimulator
	EndGlobalSection
	GlobalSection(ProjectConfigurationPlatforms) = postSolution
		{E436B3DA-5E54-466C-9762-9ECD92990D67}.Debug|Any CPU.ActiveCfg = Debug|Any CPU
		{E436B3DA-5E54-466C-9762-9ECD92990D67}.Debug|Any CPU.Build.0 = Debug|Any CPU
		{E436B3DA-5E54-466C-9762-9ECD92990D67}.Debug|Any CPU.Deploy.0 = Debug|Any CPU
		{E436B3DA-5E54-466C-9762-9ECD92990D67}.Debug|iPhone.ActiveCfg = Debug|Any CPU
		{E436B3DA-5E54-466C-9762-9ECD92990D67}.Debug|iPhone.Build.0 = Debug|Any CPU
		{E436B3DA-5E54-466C-9762-9ECD92990D67}.Debug|iPhone.Deploy.0 = Debug|Any CPU
		{E436B3DA-5E54-466C-9762-9ECD92990D67}.Debug|iPhoneSimulator.ActiveCfg = Debug|Any CPU
		{E436B3DA-5E54-466C-9762-9ECD92990D67}.Debug|iPhoneSimulator.Build.0 = Debug|Any CPU
		{E436B3DA-5E54-466C-9762-9ECD92990D67}.Debug|iPhoneSimulator.Deploy.0 = Debug|Any CPU
		{E436B3DA-5E54-466C-9762-9ECD92990D67}.Release|Any CPU.ActiveCfg = Release|Any CPU
		{E436B3DA-5E54-466C-9762-9ECD92990D67}.Release|Any CPU.Build.0 = Release|Any CPU
		{E436B3DA-5E54-466C-9762-9ECD92990D67}.Release|Any CPU.Deploy.0 = Release|Any CPU
		{E436B3DA-5E54-466C-9762-9ECD92990D67}.Release|iPhone.ActiveCfg = Release|Any CPU
		{E436B3DA-5E54-466C-9762-9ECD92990D67}.Release|iPhone.Build.0 = Release|Any CPU
		{E436B3DA-5E54-466C-9762-9ECD92990D67}.Release|iPhone.Deploy.0 = Release|Any CPU
		{E436B3DA-5E54-466C-9762-9ECD92990D67}.Release|iPhoneSimulator.ActiveCfg = Release|Any CPU
		{E436B3DA-5E54-466C-9762-9ECD92990D67}.Release|iPhoneSimulator.Build.0 = Release|Any CPU
		{E436B3DA-5E54-466C-9762-9ECD92990D67}.Release|iPhoneSimulator.Deploy.0 = Release|Any CPU
		{E22A2CC3-AD77-47D3-9105-62201FCE421F}.Debug|Any CPU.ActiveCfg = Debug|iPhoneSimulator
		{E22A2CC3-AD77-47D3-9105-62201FCE421F}.Debug|Any CPU.Build.0 = Debug|iPhoneSimulator
		{E22A2CC3-AD77-47D3-9105-62201FCE421F}.Debug|Any CPU.Deploy.0 = Debug|iPhoneSimulator
		{E22A2CC3-AD77-47D3-9105-62201FCE421F}.Debug|iPhone.ActiveCfg = Debug|iPhone
		{E22A2CC3-AD77-47D3-9105-62201FCE421F}.Debug|iPhone.Build.0 = Debug|iPhone
		{E22A2CC3-AD77-47D3-9105-62201FCE421F}.Debug|iPhone.Deploy.0 = Debug|iPhone
		{E22A2CC3-AD77-47D3-9105-62201FCE421F}.Debug|iPhoneSimulator.ActiveCfg = Debug|iPhoneSimulator
		{E22A2CC3-AD77-47D3-9105-62201FCE421F}.Debug|iPhoneSimulator.Build.0 = Debug|iPhoneSimulator
		{E22A2CC3-AD77-47D3-9105-62201FCE421F}.Debug|iPhoneSimulator.Deploy.0 = Debug|iPhoneSimulator
		{E22A2CC3-AD77-47D3-9105-62201FCE421F}.Release|Any CPU.ActiveCfg = Release|iPhone
		{E22A2CC3-AD77-47D3-9105-62201FCE421F}.Release|Any CPU.Build.0 = Release|iPhone
		{E22A2CC3-AD77-47D3-9105-62201FCE421F}.Release|Any CPU.Deploy.0 = Release|iPhone
		{E22A2CC3-AD77-47D3-9105-62201FCE421F}.Release|iPhone.ActiveCfg = Release|iPhone
		{E22A2CC3-AD77-47D3-9105-62201FCE421F}.Release|iPhone.Build.0 = Release|iPhone
		{E22A2CC3-AD77-47D3-9105-62201FCE421F}.Release|iPhone.Deploy.0 = Release|iPhone
		{E22A2CC3-AD77-47D3-9105-62201FCE421F}.Release|iPhoneSimulator.ActiveCfg = Release|iPhoneSimulator
		{E22A2CC3-AD77-47D3-9105-62201FCE421F}.Release|iPhoneSimulator.Build.0 = Release|iPhoneSimulator
		{E22A2CC3-AD77-47D3-9105-62201FCE421F}.Release|iPhoneSimulator.Deploy.0 = Release|iPhoneSimulator
		{9AE23601-44FF-4E05-BCBD-432A7E97B750}.Debug|Any CPU.ActiveCfg = Debug|Any CPU
		{9AE23601-44FF-4E05-BCBD-432A7E97B750}.Debug|Any CPU.Build.0 = Debug|Any CPU
		{9AE23601-44FF-4E05-BCBD-432A7E97B750}.Debug|Any CPU.Deploy.0 = Debug|Any CPU
		{9AE23601-44FF-4E05-BCBD-432A7E97B750}.Debug|iPhone.ActiveCfg = Debug|Any CPU
		{9AE23601-44FF-4E05-BCBD-432A7E97B750}.Debug|iPhone.Build.0 = Debug|Any CPU
		{9AE23601-44FF-4E05-BCBD-432A7E97B750}.Debug|iPhone.Deploy.0 = Debug|Any CPU
		{9AE23601-44FF-4E05-BCBD-432A7E97B750}.Debug|iPhoneSimulator.ActiveCfg = Debug|Any CPU
		{9AE23601-44FF-4E05-BCBD-432A7E97B750}.Debug|iPhoneSimulator.Build.0 = Debug|Any CPU
		{9AE23601-44FF-4E05-BCBD-432A7E97B750}.Debug|iPhoneSimulator.Deploy.0 = Debug|Any CPU
		{9AE23601-44FF-4E05-BCBD-432A7E97B750}.Release|Any CPU.ActiveCfg = Release|Any CPU
		{9AE23601-44FF-4E05-BCBD-432A7E97B750}.Release|Any CPU.Build.0 = Release|Any CPU
		{9AE23601-44FF-4E05-BCBD-432A7E97B750}.Release|Any CPU.Deploy.0 = Release|Any CPU
		{9AE23601-44FF-4E05-BCBD-432A7E97B750}.Release|iPhone.ActiveCfg = Release|Any CPU
		{9AE23601-44FF-4E05-BCBD-432A7E97B750}.Release|iPhone.Build.0 = Release|Any CPU
		{9AE23601-44FF-4E05-BCBD-432A7E97B750}.Release|iPhone.Deploy.0 = Release|Any CPU
		{9AE23601-44FF-4E05-BCBD-432A7E97B750}.Release|iPhoneSimulator.ActiveCfg = Release|Any CPU
		{9AE23601-44FF-4E05-BCBD-432A7E97B750}.Release|iPhoneSimulator.Build.0 = Release|Any CPU
		{9AE23601-44FF-4E05-BCBD-432A7E97B750}.Release|iPhoneSimulator.Deploy.0 = Release|Any CPU
	EndGlobalSection
	GlobalSection(SolutionProperties) = preSolution
		HideSolutionNode = FALSE
	EndGlobalSection
	GlobalSection(ExtensibilityGlobals) = postSolution
		SolutionGuid = {51318E5F-67C2-4409-98D3-EBE62E503287}
	EndGlobalSection
EndGlobal
