
Microsoft Visual Studio Solution File, Format Version 12.00
# Visual Studio Version 16
VisualStudioVersion = 16.0.29709.97
MinimumVisualStudioVersion = 10.0.40219.1
Project("{FAE04EC0-301F-11D3-BF4B-00C04F79EFBC}") = "App2.Android", "App2\App2.Android\App2.Android.csproj", "{E96BB259-2D86-4701-B993-09E3CBEA1BF4}"
EndProject
Project("{FAE04EC0-301F-11D3-BF4B-00C04F79EFBC}") = "App2.iOS", "App2\App2.iOS\App2.iOS.csproj", "{59C60353-8B86-4E80-95B8-C792DA5CDAF3}"
EndProject
Project("{FAE04EC0-301F-11D3-BF4B-00C04F79EFBC}") = "App2", "App2\App2\App2.csproj", "{E1B0FA7B-BB9E-48B2-A76F-37E1EF25B068}"
EndProject
Global
	GlobalSection(SolutionConfigurationPlatforms) = preSolution
		Debug|Any CPU = Debug|Any CPU
		Debug|iPhone = Debug|iPhone
		Debug|iPhoneSimulator = Debug|iPhoneSimulator
		Release|Any CPU = Release|Any CPU
		Release|iPhone = Release|iPhone
		Release|iPhoneSimulator = Release|iPhoneSimulator
	EndGlobalSection
	GlobalSection(ProjectConfigurationPlatforms) = postSolution
		{E96BB259-2D86-4701-B993-09E3CBEA1BF4}.Debug|Any CPU.ActiveCfg = Debug|Any CPU
		{E96BB259-2D86-4701-B993-09E3CBEA1BF4}.Debug|Any CPU.Build.0 = Debug|Any CPU
		{E96BB259-2D86-4701-B993-09E3CBEA1BF4}.Debug|Any CPU.Deploy.0 = Debug|Any CPU
		{E96BB259-2D86-4701-B993-09E3CBEA1BF4}.Debug|iPhone.ActiveCfg = Debug|Any CPU
		{E96BB259-2D86-4701-B993-09E3CBEA1BF4}.Debug|iPhone.Build.0 = Debug|Any CPU
		{E96BB259-2D86-4701-B993-09E3CBEA1BF4}.Debug|iPhone.Deploy.0 = Debug|Any CPU
		{E96BB259-2D86-4701-B993-09E3CBEA1BF4}.Debug|iPhoneSimulator.ActiveCfg = Debug|Any CPU
		{E96BB259-2D86-4701-B993-09E3CBEA1BF4}.Debug|iPhoneSimulator.Build.0 = Debug|Any CPU
		{E96BB259-2D86-4701-B993-09E3CBEA1BF4}.Debug|iPhoneSimulator.Deploy.0 = Debug|Any CPU
		{E96BB259-2D86-4701-B993-09E3CBEA1BF4}.Release|Any CPU.ActiveCfg = Release|Any CPU
		{E96BB259-2D86-4701-B993-09E3CBEA1BF4}.Release|Any CPU.Build.0 = Release|Any CPU
		{E96BB259-2D86-4701-B993-09E3CBEA1BF4}.Release|Any CPU.Deploy.0 = Release|Any CPU
		{E96BB259-2D86-4701-B993-09E3CBEA1BF4}.Release|iPhone.ActiveCfg = Release|Any CPU
		{E96BB259-2D86-4701-B993-09E3CBEA1BF4}.Release|iPhone.Build.0 = Release|Any CPU
		{E96BB259-2D86-4701-B993-09E3CBEA1BF4}.Release|iPhone.Deploy.0 = Release|Any CPU
		{E96BB259-2D86-4701-B993-09E3CBEA1BF4}.Release|iPhoneSimulator.ActiveCfg = Release|Any CPU
		{E96BB259-2D86-4701-B993-09E3CBEA1BF4}.Release|iPhoneSimulator.Build.0 = Release|Any CPU
		{E96BB259-2D86-4701-B993-09E3CBEA1BF4}.Release|iPhoneSimulator.Deploy.0 = Release|Any CPU
		{59C60353-8B86-4E80-95B8-C792DA5CDAF3}.Debug|Any CPU.ActiveCfg = Debug|iPhoneSimulator
		{59C60353-8B86-4E80-95B8-C792DA5CDAF3}.Debug|Any CPU.Build.0 = Debug|iPhoneSimulator
		{59C60353-8B86-4E80-95B8-C792DA5CDAF3}.Debug|Any CPU.Deploy.0 = Debug|iPhoneSimulator
		{59C60353-8B86-4E80-95B8-C792DA5CDAF3}.Debug|iPhone.ActiveCfg = Debug|iPhone
		{59C60353-8B86-4E80-95B8-C792DA5CDAF3}.Debug|iPhone.Build.0 = Debug|iPhone
		{59C60353-8B86-4E80-95B8-C792DA5CDAF3}.Debug|iPhone.Deploy.0 = Debug|iPhone
		{59C60353-8B86-4E80-95B8-C792DA5CDAF3}.Debug|iPhoneSimulator.ActiveCfg = Debug|iPhoneSimulator
		{59C60353-8B86-4E80-95B8-C792DA5CDAF3}.Debug|iPhoneSimulator.Build.0 = Debug|iPhoneSimulator
		{59C60353-8B86-4E80-95B8-C792DA5CDAF3}.Debug|iPhoneSimulator.Deploy.0 = Debug|iPhoneSimulator
		{59C60353-8B86-4E80-95B8-C792DA5CDAF3}.Release|Any CPU.ActiveCfg = Release|iPhone
		{59C60353-8B86-4E80-95B8-C792DA5CDAF3}.Release|Any CPU.Build.0 = Release|iPhone
		{59C60353-8B86-4E80-95B8-C792DA5CDAF3}.Release|Any CPU.Deploy.0 = Release|iPhone
		{59C60353-8B86-4E80-95B8-C792DA5CDAF3}.Release|iPhone.ActiveCfg = Release|iPhone
		{59C60353-8B86-4E80-95B8-C792DA5CDAF3}.Release|iPhone.Build.0 = Release|iPhone
		{59C60353-8B86-4E80-95B8-C792DA5CDAF3}.Release|iPhone.Deploy.0 = Release|iPhone
		{59C60353-8B86-4E80-95B8-C792DA5CDAF3}.Release|iPhoneSimulator.ActiveCfg = Release|iPhoneSimulator
		{59C60353-8B86-4E80-95B8-C792DA5CDAF3}.Release|iPhoneSimulator.Build.0 = Release|iPhoneSimulator
		{59C60353-8B86-4E80-95B8-C792DA5CDAF3}.Release|iPhoneSimulator.Deploy.0 = Release|iPhoneSimulator
		{E1B0FA7B-BB9E-48B2-A76F-37E1EF25B068}.Debug|Any CPU.ActiveCfg = Debug|Any CPU
		{E1B0FA7B-BB9E-48B2-A76F-37E1EF25B068}.Debug|Any CPU.Build.0 = Debug|Any CPU
		{E1B0FA7B-BB9E-48B2-A76F-37E1EF25B068}.Debug|Any CPU.Deploy.0 = Debug|Any CPU
		{E1B0FA7B-BB9E-48B2-A76F-37E1EF25B068}.Debug|iPhone.ActiveCfg = Debug|Any CPU
		{E1B0FA7B-BB9E-48B2-A76F-37E1EF25B068}.Debug|iPhone.Build.0 = Debug|Any CPU
		{E1B0FA7B-BB9E-48B2-A76F-37E1EF25B068}.Debug|iPhone.Deploy.0 = Debug|Any CPU
		{E1B0FA7B-BB9E-48B2-A76F-37E1EF25B068}.Debug|iPhoneSimulator.ActiveCfg = Debug|Any CPU
		{E1B0FA7B-BB9E-48B2-A76F-37E1EF25B068}.Debug|iPhoneSimulator.Build.0 = Debug|Any CPU
		{E1B0FA7B-BB9E-48B2-A76F-37E1EF25B068}.Debug|iPhoneSimulator.Deploy.0 = Debug|Any CPU
		{E1B0FA7B-BB9E-48B2-A76F-37E1EF25B068}.Release|Any CPU.ActiveCfg = Release|Any CPU
		{E1B0FA7B-BB9E-48B2-A76F-37E1EF25B068}.Release|Any CPU.Build.0 = Release|Any CPU
		{E1B0FA7B-BB9E-48B2-A76F-37E1EF25B068}.Release|Any CPU.Deploy.0 = Release|Any CPU
		{E1B0FA7B-BB9E-48B2-A76F-37E1EF25B068}.Release|iPhone.ActiveCfg = Release|Any CPU
		{E1B0FA7B-BB9E-48B2-A76F-37E1EF25B068}.Release|iPhone.Build.0 = Release|Any CPU
		{E1B0FA7B-BB9E-48B2-A76F-37E1EF25B068}.Release|iPhone.Deploy.0 = Release|Any CPU
		{E1B0FA7B-BB9E-48B2-A76F-37E1EF25B068}.Release|iPhoneSimulator.ActiveCfg = Release|Any CPU
		{E1B0FA7B-BB9E-48B2-A76F-37E1EF25B068}.Release|iPhoneSimulator.Build.0 = Release|Any CPU
		{E1B0FA7B-BB9E-48B2-A76F-37E1EF25B068}.Release|iPhoneSimulator.Deploy.0 = Release|Any CPU
	EndGlobalSection
	GlobalSection(SolutionProperties) = preSolution
		HideSolutionNode = FALSE
	EndGlobalSection
	GlobalSection(ExtensibilityGlobals) = postSolution
		SolutionGuid = {DD7CB142-23CB-43F6-ACB7-E3D46BEE3409}
	EndGlobalSection
EndGlobal
