
Microsoft Visual Studio Solution File, Format Version 12.00
# Visual Studio 15
VisualStudioVersion = 15.0.28307.645
MinimumVisualStudioVersion = 10.0.40219.1
Project("{FAE04EC0-301F-11D3-BF4B-00C04F79EFBC}") = "XF_Login.Android", "XF_Login\XF_Login.Android\XF_Login.Android.csproj", "{0BEE0326-B327-46A2-8EC6-1594D7857358}"
EndProject
Project("{FAE04EC0-301F-11D3-BF4B-00C04F79EFBC}") = "XF_Login.iOS", "XF_Login\XF_Login.iOS\XF_Login.iOS.csproj", "{550254EC-FC11-42C7-A96C-D9378B4BEC04}"
EndProject
Project("{FAE04EC0-301F-11D3-BF4B-00C04F79EFBC}") = "XF_Login", "XF_Login\XF_Login\XF_Login.csproj", "{9F5105E1-8697-4D17-B821-F99C9D486EEA}"
EndProject
Global
	GlobalSection(SolutionConfigurationPlatforms) = preSolution
		Ad-Hoc|Any CPU = Ad-Hoc|Any CPU
		Ad-Hoc|iPhone = Ad-Hoc|iPhone
		Ad-Hoc|iPhoneSimulator = Ad-Hoc|iPhoneSimulator
		AppStore|Any CPU = AppStore|Any CPU
		AppStore|iPhone = AppStore|iPhone
		AppStore|iPhoneSimulator = AppStore|iPhoneSimulator
		Debug|Any CPU = Debug|Any CPU
		Debug|iPhone = Debug|iPhone
		Debug|iPhoneSimulator = Debug|iPhoneSimulator
		Release|Any CPU = Release|Any CPU
		Release|iPhone = Release|iPhone
		Release|iPhoneSimulator = Release|iPhoneSimulator
	EndGlobalSection
	GlobalSection(ProjectConfigurationPlatforms) = postSolution
		{0BEE0326-B327-46A2-8EC6-1594D7857358}.Ad-Hoc|Any CPU.ActiveCfg = Release|Any CPU
		{0BEE0326-B327-46A2-8EC6-1594D7857358}.Ad-Hoc|Any CPU.Build.0 = Release|Any CPU
		{0BEE0326-B327-46A2-8EC6-1594D7857358}.Ad-Hoc|Any CPU.Deploy.0 = Release|Any CPU
		{0BEE0326-B327-46A2-8EC6-1594D7857358}.Ad-Hoc|iPhone.ActiveCfg = Release|Any CPU
		{0BEE0326-B327-46A2-8EC6-1594D7857358}.Ad-Hoc|iPhone.Build.0 = Release|Any CPU
		{0BEE0326-B327-46A2-8EC6-1594D7857358}.Ad-Hoc|iPhone.Deploy.0 = Release|Any CPU
		{0BEE0326-B327-46A2-8EC6-1594D7857358}.Ad-Hoc|iPhoneSimulator.ActiveCfg = Release|Any CPU
		{0BEE0326-B327-46A2-8EC6-1594D7857358}.Ad-Hoc|iPhoneSimulator.Build.0 = Release|Any CPU
		{0BEE0326-B327-46A2-8EC6-1594D7857358}.Ad-Hoc|iPhoneSimulator.Deploy.0 = Release|Any CPU
		{0BEE0326-B327-46A2-8EC6-1594D7857358}.AppStore|Any CPU.ActiveCfg = Release|Any CPU
		{0BEE0326-B327-46A2-8EC6-1594D7857358}.AppStore|Any CPU.Build.0 = Release|Any CPU
		{0BEE0326-B327-46A2-8EC6-1594D7857358}.AppStore|Any CPU.Deploy.0 = Release|Any CPU
		{0BEE0326-B327-46A2-8EC6-1594D7857358}.AppStore|iPhone.ActiveCfg = Release|Any CPU
		{0BEE0326-B327-46A2-8EC6-1594D7857358}.AppStore|iPhone.Build.0 = Release|Any CPU
		{0BEE0326-B327-46A2-8EC6-1594D7857358}.AppStore|iPhone.Deploy.0 = Release|Any CPU
		{0BEE0326-B327-46A2-8EC6-1594D7857358}.AppStore|iPhoneSimulator.ActiveCfg = Release|Any CPU
		{0BEE0326-B327-46A2-8EC6-1594D7857358}.AppStore|iPhoneSimulator.Build.0 = Release|Any CPU
		{0BEE0326-B327-46A2-8EC6-1594D7857358}.AppStore|iPhoneSimulator.Deploy.0 = Release|Any CPU
		{0BEE0326-B327-46A2-8EC6-1594D7857358}.Debug|Any CPU.ActiveCfg = Debug|Any CPU
		{0BEE0326-B327-46A2-8EC6-1594D7857358}.Debug|Any CPU.Build.0 = Debug|Any CPU
		{0BEE0326-B327-46A2-8EC6-1594D7857358}.Debug|Any CPU.Deploy.0 = Debug|Any CPU
		{0BEE0326-B327-46A2-8EC6-1594D7857358}.Debug|iPhone.ActiveCfg = Debug|Any CPU
		{0BEE0326-B327-46A2-8EC6-1594D7857358}.Debug|iPhone.Build.0 = Debug|Any CPU
		{0BEE0326-B327-46A2-8EC6-1594D7857358}.Debug|iPhone.Deploy.0 = Debug|Any CPU
		{0BEE0326-B327-46A2-8EC6-1594D7857358}.Debug|iPhoneSimulator.ActiveCfg = Debug|Any CPU
		{0BEE0326-B327-46A2-8EC6-1594D7857358}.Debug|iPhoneSimulator.Build.0 = Debug|Any CPU
		{0BEE0326-B327-46A2-8EC6-1594D7857358}.Debug|iPhoneSimulator.Deploy.0 = Debug|Any CPU
		{0BEE0326-B327-46A2-8EC6-1594D7857358}.Release|Any CPU.ActiveCfg = Release|Any CPU
		{0BEE0326-B327-46A2-8EC6-1594D7857358}.Release|Any CPU.Build.0 = Release|Any CPU
		{0BEE0326-B327-46A2-8EC6-1594D7857358}.Release|Any CPU.Deploy.0 = Release|Any CPU
		{0BEE0326-B327-46A2-8EC6-1594D7857358}.Release|iPhone.ActiveCfg = Release|Any CPU
		{0BEE0326-B327-46A2-8EC6-1594D7857358}.Release|iPhone.Build.0 = Release|Any CPU
		{0BEE0326-B327-46A2-8EC6-1594D7857358}.Release|iPhone.Deploy.0 = Release|Any CPU
		{0BEE0326-B327-46A2-8EC6-1594D7857358}.Release|iPhoneSimulator.ActiveCfg = Release|Any CPU
		{0BEE0326-B327-46A2-8EC6-1594D7857358}.Release|iPhoneSimulator.Build.0 = Release|Any CPU
		{0BEE0326-B327-46A2-8EC6-1594D7857358}.Release|iPhoneSimulator.Deploy.0 = Release|Any CPU
		{550254EC-FC11-42C7-A96C-D9378B4BEC04}.Ad-Hoc|Any CPU.ActiveCfg = Ad-Hoc|iPhone
		{550254EC-FC11-42C7-A96C-D9378B4BEC04}.Ad-Hoc|Any CPU.Build.0 = Ad-Hoc|iPhone
		{550254EC-FC11-42C7-A96C-D9378B4BEC04}.Ad-Hoc|Any CPU.Deploy.0 = Ad-Hoc|iPhone
		{550254EC-FC11-42C7-A96C-D9378B4BEC04}.Ad-Hoc|iPhone.ActiveCfg = Ad-Hoc|iPhone
		{550254EC-FC11-42C7-A96C-D9378B4BEC04}.Ad-Hoc|iPhone.Build.0 = Ad-Hoc|iPhone
		{550254EC-FC11-42C7-A96C-D9378B4BEC04}.Ad-Hoc|iPhone.Deploy.0 = Ad-Hoc|iPhone
		{550254EC-FC11-42C7-A96C-D9378B4BEC04}.Ad-Hoc|iPhoneSimulator.ActiveCfg = Ad-Hoc|iPhoneSimulator
		{550254EC-FC11-42C7-A96C-D9378B4BEC04}.Ad-Hoc|iPhoneSimulator.Build.0 = Ad-Hoc|iPhoneSimulator
		{550254EC-FC11-42C7-A96C-D9378B4BEC04}.Ad-Hoc|iPhoneSimulator.Deploy.0 = Ad-Hoc|iPhoneSimulator
		{550254EC-FC11-42C7-A96C-D9378B4BEC04}.AppStore|Any CPU.ActiveCfg = AppStore|iPhone
		{550254EC-FC11-42C7-A96C-D9378B4BEC04}.AppStore|Any CPU.Build.0 = AppStore|iPhone
		{550254EC-FC11-42C7-A96C-D9378B4BEC04}.AppStore|Any CPU.Deploy.0 = AppStore|iPhone
		{550254EC-FC11-42C7-A96C-D9378B4BEC04}.AppStore|iPhone.ActiveCfg = AppStore|iPhone
		{550254EC-FC11-42C7-A96C-D9378B4BEC04}.AppStore|iPhone.Build.0 = AppStore|iPhone
		{550254EC-FC11-42C7-A96C-D9378B4BEC04}.AppStore|iPhone.Deploy.0 = AppStore|iPhone
		{550254EC-FC11-42C7-A96C-D9378B4BEC04}.AppStore|iPhoneSimulator.ActiveCfg = AppStore|iPhoneSimulator
		{550254EC-FC11-42C7-A96C-D9378B4BEC04}.AppStore|iPhoneSimulator.Build.0 = AppStore|iPhoneSimulator
		{550254EC-FC11-42C7-A96C-D9378B4BEC04}.AppStore|iPhoneSimulator.Deploy.0 = AppStore|iPhoneSimulator
		{550254EC-FC11-42C7-A96C-D9378B4BEC04}.Debug|Any CPU.ActiveCfg = Debug|iPhoneSimulator
		{550254EC-FC11-42C7-A96C-D9378B4BEC04}.Debug|Any CPU.Build.0 = Debug|iPhoneSimulator
		{550254EC-FC11-42C7-A96C-D9378B4BEC04}.Debug|Any CPU.Deploy.0 = Debug|iPhoneSimulator
		{550254EC-FC11-42C7-A96C-D9378B4BEC04}.Debug|iPhone.ActiveCfg = Debug|iPhone
		{550254EC-FC11-42C7-A96C-D9378B4BEC04}.Debug|iPhone.Build.0 = Debug|iPhone
		{550254EC-FC11-42C7-A96C-D9378B4BEC04}.Debug|iPhone.Deploy.0 = Debug|iPhone
		{550254EC-FC11-42C7-A96C-D9378B4BEC04}.Debug|iPhoneSimulator.ActiveCfg = Debug|iPhoneSimulator
		{550254EC-FC11-42C7-A96C-D9378B4BEC04}.Debug|iPhoneSimulator.Build.0 = Debug|iPhoneSimulator
		{550254EC-FC11-42C7-A96C-D9378B4BEC04}.Debug|iPhoneSimulator.Deploy.0 = Debug|iPhoneSimulator
		{550254EC-FC11-42C7-A96C-D9378B4BEC04}.Release|Any CPU.ActiveCfg = Release|iPhone
		{550254EC-FC11-42C7-A96C-D9378B4BEC04}.Release|Any CPU.Build.0 = Release|iPhone
		{550254EC-FC11-42C7-A96C-D9378B4BEC04}.Release|Any CPU.Deploy.0 = Release|iPhone
		{550254EC-FC11-42C7-A96C-D9378B4BEC04}.Release|iPhone.ActiveCfg = Release|iPhone
		{550254EC-FC11-42C7-A96C-D9378B4BEC04}.Release|iPhone.Build.0 = Release|iPhone
		{550254EC-FC11-42C7-A96C-D9378B4BEC04}.Release|iPhone.Deploy.0 = Release|iPhone
		{550254EC-FC11-42C7-A96C-D9378B4BEC04}.Release|iPhoneSimulator.ActiveCfg = Release|iPhoneSimulator
		{550254EC-FC11-42C7-A96C-D9378B4BEC04}.Release|iPhoneSimulator.Build.0 = Release|iPhoneSimulator
		{550254EC-FC11-42C7-A96C-D9378B4BEC04}.Release|iPhoneSimulator.Deploy.0 = Release|iPhoneSimulator
		{9F5105E1-8697-4D17-B821-F99C9D486EEA}.Ad-Hoc|Any CPU.ActiveCfg = Debug|Any CPU
		{9F5105E1-8697-4D17-B821-F99C9D486EEA}.Ad-Hoc|Any CPU.Build.0 = Debug|Any CPU
		{9F5105E1-8697-4D17-B821-F99C9D486EEA}.Ad-Hoc|Any CPU.Deploy.0 = Debug|Any CPU
		{9F5105E1-8697-4D17-B821-F99C9D486EEA}.Ad-Hoc|iPhone.ActiveCfg = Debug|Any CPU
		{9F5105E1-8697-4D17-B821-F99C9D486EEA}.Ad-Hoc|iPhone.Build.0 = Debug|Any CPU
		{9F5105E1-8697-4D17-B821-F99C9D486EEA}.Ad-Hoc|iPhone.Deploy.0 = Debug|Any CPU
		{9F5105E1-8697-4D17-B821-F99C9D486EEA}.Ad-Hoc|iPhoneSimulator.ActiveCfg = Debug|Any CPU
		{9F5105E1-8697-4D17-B821-F99C9D486EEA}.Ad-Hoc|iPhoneSimulator.Build.0 = Debug|Any CPU
		{9F5105E1-8697-4D17-B821-F99C9D486EEA}.Ad-Hoc|iPhoneSimulator.Deploy.0 = Debug|Any CPU
		{9F5105E1-8697-4D17-B821-F99C9D486EEA}.AppStore|Any CPU.ActiveCfg = Debug|Any CPU
		{9F5105E1-8697-4D17-B821-F99C9D486EEA}.AppStore|Any CPU.Build.0 = Debug|Any CPU
		{9F5105E1-8697-4D17-B821-F99C9D486EEA}.AppStore|Any CPU.Deploy.0 = Debug|Any CPU
		{9F5105E1-8697-4D17-B821-F99C9D486EEA}.AppStore|iPhone.ActiveCfg = Debug|Any CPU
		{9F5105E1-8697-4D17-B821-F99C9D486EEA}.AppStore|iPhone.Build.0 = Debug|Any CPU
		{9F5105E1-8697-4D17-B821-F99C9D486EEA}.AppStore|iPhone.Deploy.0 = Debug|Any CPU
		{9F5105E1-8697-4D17-B821-F99C9D486EEA}.AppStore|iPhoneSimulator.ActiveCfg = Debug|Any CPU
		{9F5105E1-8697-4D17-B821-F99C9D486EEA}.AppStore|iPhoneSimulator.Build.0 = Debug|Any CPU
		{9F5105E1-8697-4D17-B821-F99C9D486EEA}.AppStore|iPhoneSimulator.Deploy.0 = Debug|Any CPU
		{9F5105E1-8697-4D17-B821-F99C9D486EEA}.Debug|Any CPU.ActiveCfg = Debug|Any CPU
		{9F5105E1-8697-4D17-B821-F99C9D486EEA}.Debug|Any CPU.Build.0 = Debug|Any CPU
		{9F5105E1-8697-4D17-B821-F99C9D486EEA}.Debug|Any CPU.Deploy.0 = Debug|Any CPU
		{9F5105E1-8697-4D17-B821-F99C9D486EEA}.Debug|iPhone.ActiveCfg = Debug|Any CPU
		{9F5105E1-8697-4D17-B821-F99C9D486EEA}.Debug|iPhone.Build.0 = Debug|Any CPU
		{9F5105E1-8697-4D17-B821-F99C9D486EEA}.Debug|iPhone.Deploy.0 = Debug|Any CPU
		{9F5105E1-8697-4D17-B821-F99C9D486EEA}.Debug|iPhoneSimulator.ActiveCfg = Debug|Any CPU
		{9F5105E1-8697-4D17-B821-F99C9D486EEA}.Debug|iPhoneSimulator.Build.0 = Debug|Any CPU
		{9F5105E1-8697-4D17-B821-F99C9D486EEA}.Debug|iPhoneSimulator.Deploy.0 = Debug|Any CPU
		{9F5105E1-8697-4D17-B821-F99C9D486EEA}.Release|Any CPU.ActiveCfg = Release|Any CPU
		{9F5105E1-8697-4D17-B821-F99C9D486EEA}.Release|Any CPU.Build.0 = Release|Any CPU
		{9F5105E1-8697-4D17-B821-F99C9D486EEA}.Release|Any CPU.Deploy.0 = Release|Any CPU
		{9F5105E1-8697-4D17-B821-F99C9D486EEA}.Release|iPhone.ActiveCfg = Release|Any CPU
		{9F5105E1-8697-4D17-B821-F99C9D486EEA}.Release|iPhone.Build.0 = Release|Any CPU
		{9F5105E1-8697-4D17-B821-F99C9D486EEA}.Release|iPhone.Deploy.0 = Release|Any CPU
		{9F5105E1-8697-4D17-B821-F99C9D486EEA}.Release|iPhoneSimulator.ActiveCfg = Release|Any CPU
		{9F5105E1-8697-4D17-B821-F99C9D486EEA}.Release|iPhoneSimulator.Build.0 = Release|Any CPU
		{9F5105E1-8697-4D17-B821-F99C9D486EEA}.Release|iPhoneSimulator.Deploy.0 = Release|Any CPU
	EndGlobalSection
	GlobalSection(SolutionProperties) = preSolution
		HideSolutionNode = FALSE
	EndGlobalSection
	GlobalSection(ExtensibilityGlobals) = postSolution
		SolutionGuid = {98C511EE-64FE-4057-9CFB-50CBF175EFBE}
	EndGlobalSection
EndGlobal
