
Microsoft Visual Studio Solution File, Format Version 12.00
# Visual Studio Version 16
VisualStudioVersion = 16.0.29709.97
MinimumVisualStudioVersion = 10.0.40219.1
Project("{FAE04EC0-301F-11D3-BF4B-00C04F79EFBC}") = "ReadFromExcel.Android", "ReadFromExcel\ReadFromExcel.Android\ReadFromExcel.Android.csproj", "{4CAE0E9A-93E7-44C6-BFAC-30A5238A2D4F}"
EndProject
Project("{FAE04EC0-301F-11D3-BF4B-00C04F79EFBC}") = "ReadFromExcel", "ReadFromExcel\ReadFromExcel\ReadFromExcel.csproj", "{C6E09F62-00EA-4C99-9722-27B6DCA15AA4}"
EndProject
Global
	GlobalSection(SolutionConfigurationPlatforms) = preSolution
		Debug|Any CPU = Debug|Any CPU
		Release|Any CPU = Release|Any CPU
	EndGlobalSection
	GlobalSection(ProjectConfigurationPlatforms) = postSolution
		{4CAE0E9A-93E7-44C6-BFAC-30A5238A2D4F}.Debug|Any CPU.ActiveCfg = Debug|Any CPU
		{4CAE0E9A-93E7-44C6-BFAC-30A5238A2D4F}.Debug|Any CPU.Build.0 = Debug|Any CPU
		{4CAE0E9A-93E7-44C6-BFAC-30A5238A2D4F}.Debug|Any CPU.Deploy.0 = Debug|Any CPU
		{4CAE0E9A-93E7-44C6-BFAC-30A5238A2D4F}.Release|Any CPU.ActiveCfg = Release|Any CPU
		{4CAE0E9A-93E7-44C6-BFAC-30A5238A2D4F}.Release|Any CPU.Build.0 = Release|Any CPU
		{4CAE0E9A-93E7-44C6-BFAC-30A5238A2D4F}.Release|Any CPU.Deploy.0 = Release|Any CPU
		{C6E09F62-00EA-4C99-9722-27B6DCA15AA4}.Debug|Any CPU.ActiveCfg = Debug|Any CPU
		{C6E09F62-00EA-4C99-9722-27B6DCA15AA4}.Debug|Any CPU.Build.0 = Debug|Any CPU
		{C6E09F62-00EA-4C99-9722-27B6DCA15AA4}.Debug|Any CPU.Deploy.0 = Debug|Any CPU
		{C6E09F62-00EA-4C99-9722-27B6DCA15AA4}.Release|Any CPU.ActiveCfg = Release|Any CPU
		{C6E09F62-00EA-4C99-9722-27B6DCA15AA4}.Release|Any CPU.Build.0 = Release|Any CPU
		{C6E09F62-00EA-4C99-9722-27B6DCA15AA4}.Release|Any CPU.Deploy.0 = Release|Any CPU
	EndGlobalSection
	GlobalSection(SolutionProperties) = preSolution
		HideSolutionNode = FALSE
	EndGlobalSection
	GlobalSection(ExtensibilityGlobals) = postSolution
		SolutionGuid = {08B19E88-04DD-4744-8048-DE09030E7E18}
	EndGlobalSection
EndGlobal
