
Microsoft Visual Studio Solution File, Format Version 12.00
# Visual Studio Version 16
VisualStudioVersion = 16.0.29709.97
MinimumVisualStudioVersion = 10.0.40219.1
Project("{FAE04EC0-301F-11D3-BF4B-00C04F79EFBC}") = "TabbedPageDemo.Android", "TabbedPageDemo\TabbedPageDemo.Android\TabbedPageDemo.Android.csproj", "{753BE94D-2D65-4732-97D8-FD24051306E6}"
EndProject
Project("{FAE04EC0-301F-11D3-BF4B-00C04F79EFBC}") = "TabbedPageDemo.iOS", "TabbedPageDemo\TabbedPageDemo.iOS\TabbedPageDemo.iOS.csproj", "{650008B0-6A55-42D9-BB28-6F2D78A9F1E9}"
EndProject
Project("{FAE04EC0-301F-11D3-BF4B-00C04F79EFBC}") = "TabbedPageDemo", "TabbedPageDemo\TabbedPageDemo\TabbedPageDemo.csproj", "{C56D6B46-A1E1-43AF-8907-434AE6C9497F}"
EndProject
Global
	GlobalSection(SolutionConfigurationPlatforms) = preSolution
		Debug|Any CPU = Debug|Any CPU
		Debug|iPhone = Debug|iPhone
		Debug|iPhoneSimulator = Debug|iPhoneSimulator
		Release|Any CPU = Release|Any CPU
		Release|iPhone = Release|iPhone
		Release|iPhoneSimulator = Release|iPhoneSimulator
	EndGlobalSection
	GlobalSection(ProjectConfigurationPlatforms) = postSolution
		{753BE94D-2D65-4732-97D8-FD24051306E6}.Debug|Any CPU.ActiveCfg = Debug|Any CPU
		{753BE94D-2D65-4732-97D8-FD24051306E6}.Debug|Any CPU.Build.0 = Debug|Any CPU
		{753BE94D-2D65-4732-97D8-FD24051306E6}.Debug|Any CPU.Deploy.0 = Debug|Any CPU
		{753BE94D-2D65-4732-97D8-FD24051306E6}.Debug|iPhone.ActiveCfg = Debug|Any CPU
		{753BE94D-2D65-4732-97D8-FD24051306E6}.Debug|iPhone.Build.0 = Debug|Any CPU
		{753BE94D-2D65-4732-97D8-FD24051306E6}.Debug|iPhone.Deploy.0 = Debug|Any CPU
		{753BE94D-2D65-4732-97D8-FD24051306E6}.Debug|iPhoneSimulator.ActiveCfg = Debug|Any CPU
		{753BE94D-2D65-4732-97D8-FD24051306E6}.Debug|iPhoneSimulator.Build.0 = Debug|Any CPU
		{753BE94D-2D65-4732-97D8-FD24051306E6}.Debug|iPhoneSimulator.Deploy.0 = Debug|Any CPU
		{753BE94D-2D65-4732-97D8-FD24051306E6}.Release|Any CPU.ActiveCfg = Release|Any CPU
		{753BE94D-2D65-4732-97D8-FD24051306E6}.Release|Any CPU.Build.0 = Release|Any CPU
		{753BE94D-2D65-4732-97D8-FD24051306E6}.Release|Any CPU.Deploy.0 = Release|Any CPU
		{753BE94D-2D65-4732-97D8-FD24051306E6}.Release|iPhone.ActiveCfg = Release|Any CPU
		{753BE94D-2D65-4732-97D8-FD24051306E6}.Release|iPhone.Build.0 = Release|Any CPU
		{753BE94D-2D65-4732-97D8-FD24051306E6}.Release|iPhone.Deploy.0 = Release|Any CPU
		{753BE94D-2D65-4732-97D8-FD24051306E6}.Release|iPhoneSimulator.ActiveCfg = Release|Any CPU
		{753BE94D-2D65-4732-97D8-FD24051306E6}.Release|iPhoneSimulator.Build.0 = Release|Any CPU
		{753BE94D-2D65-4732-97D8-FD24051306E6}.Release|iPhoneSimulator.Deploy.0 = Release|Any CPU
		{650008B0-6A55-42D9-BB28-6F2D78A9F1E9}.Debug|Any CPU.ActiveCfg = Debug|iPhoneSimulator
		{650008B0-6A55-42D9-BB28-6F2D78A9F1E9}.Debug|Any CPU.Deploy.0 = Debug|iPhoneSimulator
		{650008B0-6A55-42D9-BB28-6F2D78A9F1E9}.Debug|iPhone.ActiveCfg = Debug|iPhone
		{650008B0-6A55-42D9-BB28-6F2D78A9F1E9}.Debug|iPhone.Build.0 = Debug|iPhone
		{650008B0-6A55-42D9-BB28-6F2D78A9F1E9}.Debug|iPhone.Deploy.0 = Debug|iPhone
		{650008B0-6A55-42D9-BB28-6F2D78A9F1E9}.Debug|iPhoneSimulator.ActiveCfg = Debug|iPhoneSimulator
		{650008B0-6A55-42D9-BB28-6F2D78A9F1E9}.Debug|iPhoneSimulator.Build.0 = Debug|iPhoneSimulator
		{650008B0-6A55-42D9-BB28-6F2D78A9F1E9}.Debug|iPhoneSimulator.Deploy.0 = Debug|iPhoneSimulator
		{650008B0-6A55-42D9-BB28-6F2D78A9F1E9}.Release|Any CPU.ActiveCfg = Release|iPhone
		{650008B0-6A55-42D9-BB28-6F2D78A9F1E9}.Release|Any CPU.Build.0 = Release|iPhone
		{650008B0-6A55-42D9-BB28-6F2D78A9F1E9}.Release|Any CPU.Deploy.0 = Release|iPhone
		{650008B0-6A55-42D9-BB28-6F2D78A9F1E9}.Release|iPhone.ActiveCfg = Release|iPhone
		{650008B0-6A55-42D9-BB28-6F2D78A9F1E9}.Release|iPhone.Build.0 = Release|iPhone
		{650008B0-6A55-42D9-BB28-6F2D78A9F1E9}.Release|iPhone.Deploy.0 = Release|iPhone
		{650008B0-6A55-42D9-BB28-6F2D78A9F1E9}.Release|iPhoneSimulator.ActiveCfg = Release|iPhoneSimulator
		{650008B0-6A55-42D9-BB28-6F2D78A9F1E9}.Release|iPhoneSimulator.Build.0 = Release|iPhoneSimulator
		{650008B0-6A55-42D9-BB28-6F2D78A9F1E9}.Release|iPhoneSimulator.Deploy.0 = Release|iPhoneSimulator
		{C56D6B46-A1E1-43AF-8907-434AE6C9497F}.Debug|Any CPU.ActiveCfg = Debug|Any CPU
		{C56D6B46-A1E1-43AF-8907-434AE6C9497F}.Debug|Any CPU.Build.0 = Debug|Any CPU
		{C56D6B46-A1E1-43AF-8907-434AE6C9497F}.Debug|Any CPU.Deploy.0 = Debug|Any CPU
		{C56D6B46-A1E1-43AF-8907-434AE6C9497F}.Debug|iPhone.ActiveCfg = Debug|Any CPU
		{C56D6B46-A1E1-43AF-8907-434AE6C9497F}.Debug|iPhone.Build.0 = Debug|Any CPU
		{C56D6B46-A1E1-43AF-8907-434AE6C9497F}.Debug|iPhone.Deploy.0 = Debug|Any CPU
		{C56D6B46-A1E1-43AF-8907-434AE6C9497F}.Debug|iPhoneSimulator.ActiveCfg = Debug|Any CPU
		{C56D6B46-A1E1-43AF-8907-434AE6C9497F}.Debug|iPhoneSimulator.Build.0 = Debug|Any CPU
		{C56D6B46-A1E1-43AF-8907-434AE6C9497F}.Debug|iPhoneSimulator.Deploy.0 = Debug|Any CPU
		{C56D6B46-A1E1-43AF-8907-434AE6C9497F}.Release|Any CPU.ActiveCfg = Release|Any CPU
		{C56D6B46-A1E1-43AF-8907-434AE6C9497F}.Release|Any CPU.Build.0 = Release|Any CPU
		{C56D6B46-A1E1-43AF-8907-434AE6C9497F}.Release|Any CPU.Deploy.0 = Release|Any CPU
		{C56D6B46-A1E1-43AF-8907-434AE6C9497F}.Release|iPhone.ActiveCfg = Release|Any CPU
		{C56D6B46-A1E1-43AF-8907-434AE6C9497F}.Release|iPhone.Build.0 = Release|Any CPU
		{C56D6B46-A1E1-43AF-8907-434AE6C9497F}.Release|iPhone.Deploy.0 = Release|Any CPU
		{C56D6B46-A1E1-43AF-8907-434AE6C9497F}.Release|iPhoneSimulator.ActiveCfg = Release|Any CPU
		{C56D6B46-A1E1-43AF-8907-434AE6C9497F}.Release|iPhoneSimulator.Build.0 = Release|Any CPU
		{C56D6B46-A1E1-43AF-8907-434AE6C9497F}.Release|iPhoneSimulator.Deploy.0 = Release|Any CPU
	EndGlobalSection
	GlobalSection(SolutionProperties) = preSolution
		HideSolutionNode = FALSE
	EndGlobalSection
	GlobalSection(ExtensibilityGlobals) = postSolution
		SolutionGuid = {3A427629-C070-4696-901B-31C783908B72}
	EndGlobalSection
EndGlobal
